
Microsoft Visual Studio Solution File, Format Version 12.00
# Visual Studio 15
VisualStudioVersion = 15.0.28307.421
MinimumVisualStudioVersion = 10.0.40219.1
Project("{FAE04EC0-301F-11D3-BF4B-00C04F79EFBC}") = "userLogIn", "userLogIn\userLogIn.csproj", "{91ABC0EA-57BB-44C3-99FC-1074B1114583}"
EndProject
Project("{FAE04EC0-301F-11D3-BF4B-00C04F79EFBC}") = "numberStatus", "numberStatus\numberStatus.csproj", "{4902984A-CD94-4B19-8EDE-5EFE1F545C54}"
EndProject
Project("{FAE04EC0-301F-11D3-BF4B-00C04F79EFBC}") = "quiz", "quiz\quiz.csproj", "{D1E7867E-602E-43DA-B76D-42A2476B3DF1}"
EndProject
Global
	GlobalSection(SolutionConfigurationPlatforms) = preSolution
		Debug|Any CPU = Debug|Any CPU
		Release|Any CPU = Release|Any CPU
	EndGlobalSection
	GlobalSection(ProjectConfigurationPlatforms) = postSolution
		{91ABC0EA-57BB-44C3-99FC-1074B1114583}.Debug|Any CPU.ActiveCfg = Debug|Any CPU
		{91ABC0EA-57BB-44C3-99FC-1074B1114583}.Debug|Any CPU.Build.0 = Debug|Any CPU
		{91ABC0EA-57BB-44C3-99FC-1074B1114583}.Release|Any CPU.ActiveCfg = Release|Any CPU
		{91ABC0EA-57BB-44C3-99FC-1074B1114583}.Release|Any CPU.Build.0 = Release|Any CPU
		{4902984A-CD94-4B19-8EDE-5EFE1F545C54}.Debug|Any CPU.ActiveCfg = Debug|Any CPU
		{4902984A-CD94-4B19-8EDE-5EFE1F545C54}.Debug|Any CPU.Build.0 = Debug|Any CPU
		{4902984A-CD94-4B19-8EDE-5EFE1F545C54}.Release|Any CPU.ActiveCfg = Release|Any CPU
		{4902984A-CD94-4B19-8EDE-5EFE1F545C54}.Release|Any CPU.Build.0 = Release|Any CPU
		{D1E7867E-602E-43DA-B76D-42A2476B3DF1}.Debug|Any CPU.ActiveCfg = Debug|Any CPU
		{D1E7867E-602E-43DA-B76D-42A2476B3DF1}.Debug|Any CPU.Build.0 = Debug|Any CPU
		{D1E7867E-602E-43DA-B76D-42A2476B3DF1}.Release|Any CPU.ActiveCfg = Release|Any CPU
		{D1E7867E-602E-43DA-B76D-42A2476B3DF1}.Release|Any CPU.Build.0 = Release|Any CPU
	EndGlobalSection
	GlobalSection(SolutionProperties) = preSolution
		HideSolutionNode = FALSE
	EndGlobalSection
	GlobalSection(ExtensibilityGlobals) = postSolution
		SolutionGuid = {689E62BB-63D4-44F9-9478-90F74DCF15D7}
	EndGlobalSection
EndGlobal
